
Microsoft Visual Studio Solution File, Format Version 12.00
Project("{FAE04EC0-301F-11D3-BF4B-00C04F79EFBC}") = "AssignmentProject", "AssignmentProject\AssignmentProject.csproj", "{61D25229-8F06-475B-AB77-70B5222C8226}"
EndProject
Global
	GlobalSection(SolutionConfigurationPlatforms) = preSolution
		Debug|Any CPU = Debug|Any CPU
		Release|Any CPU = Release|Any CPU
	EndGlobalSection
	GlobalSection(ProjectConfigurationPlatforms) = postSolution
		{61D25229-8F06-475B-AB77-70B5222C8226}.Debug|Any CPU.ActiveCfg = Debug|Any CPU
		{61D25229-8F06-475B-AB77-70B5222C8226}.Debug|Any CPU.Build.0 = Debug|Any CPU
		{61D25229-8F06-475B-AB77-70B5222C8226}.Release|Any CPU.ActiveCfg = Release|Any CPU
		{61D25229-8F06-475B-AB77-70B5222C8226}.Release|Any CPU.Build.0 = Release|Any CPU
	EndGlobalSection
EndGlobal
